
Microsoft Visual Studio Solution File, Format Version 12.00
# Visual Studio Version 16
VisualStudioVersion = 16.0.28922.388
MinimumVisualStudioVersion = 10.0.40219.1
Project("{FAE04EC0-301F-11D3-BF4B-00C04F79EFBC}") = "PruebaWPF_GRID", "PruebaWPF_GRID\PruebaWPF_GRID.csproj", "{4DEE31A5-7C2C-435A-8317-31F2E72E53E3}"
EndProject
Global
	GlobalSection(SolutionConfigurationPlatforms) = preSolution
		Debug|Any CPU = Debug|Any CPU
		Release|Any CPU = Release|Any CPU
	EndGlobalSection
	GlobalSection(ProjectConfigurationPlatforms) = postSolution
		{4DEE31A5-7C2C-435A-8317-31F2E72E53E3}.Debug|Any CPU.ActiveCfg = Debug|Any CPU
		{4DEE31A5-7C2C-435A-8317-31F2E72E53E3}.Debug|Any CPU.Build.0 = Debug|Any CPU
		{4DEE31A5-7C2C-435A-8317-31F2E72E53E3}.Release|Any CPU.ActiveCfg = Release|Any CPU
		{4DEE31A5-7C2C-435A-8317-31F2E72E53E3}.Release|Any CPU.Build.0 = Release|Any CPU
	EndGlobalSection
	GlobalSection(SolutionProperties) = preSolution
		HideSolutionNode = FALSE
	EndGlobalSection
	GlobalSection(ExtensibilityGlobals) = postSolution
		SolutionGuid = {B84B908E-A041-49DF-913A-CE4C43B05F85}
	EndGlobalSection
EndGlobal
